{
  "name": "register-form-ii",
  "lockfileVersion": 2,
  "requires": true,
  "packages": {
    "": {
      "dependencies": {
        "auto-validation-form": "^1.0.8"
      }
    },
    "node_modules/auto-validation-form": {
      "version": "1.0.12",
      "resolved": "https://registry.npmjs.org/auto-validation-form/-/auto-validation-form-1.0.12.tgz",
      "integrity": "sha512-wivpLYLmFfVNWIo/JeHdoJQhmABwWn95EAiQ7VlsPn+m9SyutsFFTTvL1g/ruYzD+/1E5QijlaQr/UyQmyGvaw=="
    }
  },
  "dependencies": {
    "auto-validation-form": {
      "version": "1.0.12",
      "resolved": "https://registry.npmjs.org/auto-validation-form/-/auto-validation-form-1.0.12.tgz",
      "integrity": "sha512-wivpLYLmFfVNWIo/JeHdoJQhmABwWn95EAiQ7VlsPn+m9SyutsFFTTvL1g/ruYzD+/1E5QijlaQr/UyQmyGvaw=="
    }
  }
}
